
Microsoft Visual Studio Solution File, Format Version 12.00
# Visual Studio Version 17
VisualStudioVersion = 17.0.31903.59
MinimumVisualStudioVersion = 10.0.40219.1
Project("{FAE04EC0-301F-11D3-BF4B-00C04F79EFBC}") = "template-net7", "Template.Net\template-net7.csproj", "{355D3A82-4AC0-4D58-A7E1-63E67F0EBD19}"
EndProject
Project("{FAE04EC0-301F-11D3-BF4B-00C04F79EFBC}") = "Template.Net.Tests", "Template.Net.Tests\Template.Net.Tests.csproj", "{B9D841A2-DBCB-4B39-A22D-E7A925DB0561}"
EndProject
Global
	GlobalSection(SolutionConfigurationPlatforms) = preSolution
		Debug|Any CPU = Debug|Any CPU
		Release|Any CPU = Release|Any CPU
	EndGlobalSection
	GlobalSection(SolutionProperties) = preSolution
		HideSolutionNode = FALSE
	EndGlobalSection
	GlobalSection(ProjectConfigurationPlatforms) = postSolution
		{355D3A82-4AC0-4D58-A7E1-63E67F0EBD19}.Debug|Any CPU.ActiveCfg = Debug|Any CPU
		{355D3A82-4AC0-4D58-A7E1-63E67F0EBD19}.Debug|Any CPU.Build.0 = Debug|Any CPU
		{355D3A82-4AC0-4D58-A7E1-63E67F0EBD19}.Release|Any CPU.ActiveCfg = Release|Any CPU
		{355D3A82-4AC0-4D58-A7E1-63E67F0EBD19}.Release|Any CPU.Build.0 = Release|Any CPU
		{B9D841A2-DBCB-4B39-A22D-E7A925DB0561}.Debug|Any CPU.ActiveCfg = Debug|Any CPU
		{B9D841A2-DBCB-4B39-A22D-E7A925DB0561}.Debug|Any CPU.Build.0 = Debug|Any CPU
		{B9D841A2-DBCB-4B39-A22D-E7A925DB0561}.Release|Any CPU.ActiveCfg = Release|Any CPU
		{B9D841A2-DBCB-4B39-A22D-E7A925DB0561}.Release|Any CPU.Build.0 = Release|Any CPU
	EndGlobalSection
EndGlobal
